
Microsoft Visual Studio Solution File, Format Version 12.00
# Visual Studio Version 17
VisualStudioVersion = 17.7.34031.279
MinimumVisualStudioVersion = 10.0.40219.1
Project("{FAE04EC0-301F-11D3-BF4B-00C04F79EFBC}") = "Parcial2Listas", "Parcial2Listas.csproj", "{C440495A-9F18-4EC3-8C2E-1D997CBA64AD}"
EndProject
Global
	GlobalSection(SolutionConfigurationPlatforms) = preSolution
		Debug|Any CPU = Debug|Any CPU
		Release|Any CPU = Release|Any CPU
	EndGlobalSection
	GlobalSection(ProjectConfigurationPlatforms) = postSolution
		{C440495A-9F18-4EC3-8C2E-1D997CBA64AD}.Debug|Any CPU.ActiveCfg = Debug|Any CPU
		{C440495A-9F18-4EC3-8C2E-1D997CBA64AD}.Debug|Any CPU.Build.0 = Debug|Any CPU
		{C440495A-9F18-4EC3-8C2E-1D997CBA64AD}.Release|Any CPU.ActiveCfg = Release|Any CPU
		{C440495A-9F18-4EC3-8C2E-1D997CBA64AD}.Release|Any CPU.Build.0 = Release|Any CPU
	EndGlobalSection
	GlobalSection(SolutionProperties) = preSolution
		HideSolutionNode = FALSE
	EndGlobalSection
	GlobalSection(ExtensibilityGlobals) = postSolution
		SolutionGuid = {FC22604E-CE7C-490F-862F-E82156E1FBEC}
	EndGlobalSection
EndGlobal
